// !$*UTF8*$!
{
	archiveVersion = 1;
	classes = {
	};
	objectVersion = 55;
	objects = {

/* Begin PBXBuildFile section */
		A98814F92BE51AC400760F6F /* AplicacionApiApp.swift in Sources */ = {isa = PBXBuildFile; fileRef = A98814F82BE51AC400760F6F /* AplicacionApiApp.swift */; };
		A98814FB2BE51AC400760F6F /* ContentView.swift in Sources */ = {isa = PBXBuildFile; fileRef = A98814FA2BE51AC400760F6F /* ContentView.swift */; };
		A98814FD2BE51AC800760F6F /* Assets.xcassets in Resources */ = {isa = PBXBuildFile; fileRef = A98814FC2BE51AC800760F6F /* Assets.xcassets */; };
		A98815002BE51AC800760F6F /* Preview Assets.xcassets in Resources */ = {isa = PBXBuildFile; fileRef = A98814FF2BE51AC800760F6F /* Preview Assets.xcassets */; };
		A988150A2BE51AC900760F6F /* AplicacionApiTests.swift in Sources */ = {isa = PBXBuildFile; fileRef = A98815092BE51AC900760F6F /* AplicacionApiTests.swift */; };
		A98815142BE51AC900760F6F /* AplicacionApiUITests.swift in Sources */ = {isa = PBXBuildFile; fileRef = A98815132BE51AC900760F6F /* AplicacionApiUITests.swift */; };
		A98815162BE51AC900760F6F /* AplicacionApiUITestsLaunchTests.swift in Sources */ = {isa = PBXBuildFile; fileRef = A98815152BE51AC900760F6F /* AplicacionApiUITestsLaunchTests.swift */; };
/* End PBXBuildFile section */

/* Begin PBXContainerItemProxy section */
		A98815062BE51AC900760F6F /* PBXContainerItemProxy */ = {
			isa = PBXContainerItemProxy;
			containerPortal = A98814ED2BE51AC300760F6F /* Project object */;
			proxyType = 1;
			remoteGlobalIDString = A98814F42BE51AC400760F6F;
			remoteInfo = AplicacionApi;
		};
		A98815102BE51AC900760F6F /* PBXContainerItemProxy */ = {
			isa = PBXContainerItemProxy;
			containerPortal = A98814ED2BE51AC300760F6F /* Project object */;
			proxyType = 1;
			remoteGlobalIDString = A98814F42BE51AC400760F6F;
			remoteInfo = AplicacionApi;
		};
/* End PBXContainerItemProxy section */

/* Begin PBXFileReference section */
		A98814F52BE51AC400760F6F /* AplicacionApi.app */ = {isa = PBXFileReference; explicitFileType = wrapper.application; includeInIndex = 0; path = AplicacionApi.app; sourceTree = BUILT_PRODUCTS_DIR; };
		A98814F82BE51AC400760F6F /* AplicacionApiApp.swift */ = {isa = PBXFileReference; lastKnownFileType = sourcecode.swift; path = AplicacionApiApp.swift; sourceTree = "<group>"; };
		A98814FA2BE51AC400760F6F /* ContentView.swift */ = {isa = PBXFileReference; lastKnownFileType = sourcecode.swift; path = ContentView.swift; sourceTree = "<group>"; };
		A98814FC2BE51AC800760F6F /* Assets.xcassets */ = {isa = PBXFileReference; lastKnownFileType = folder.assetcatalog; path = Assets.xcassets; sourceTree = "<group>"; };
		A98814FF2BE51AC800760F6F /* Preview Assets.xcassets */ = {isa = PBXFileReference; lastKnownFileType = folder.assetcatalog; path = "Preview Assets.xcassets"; sourceTree = "<group>"; };
		A98815052BE51AC900760F6F /* AplicacionApiTests.xctest */ = {isa = PBXFileReference; explicitFileType = wrapper.cfbundle; includeInIndex = 0; path = AplicacionApiTests.xctest; sourceTree = BUILT_PRODUCTS_DIR; };
		A98815092BE51AC900760F6F /* AplicacionApiTests.swift */ = {isa = PBXFileReference; lastKnownFileType = sourcecode.swift; path = AplicacionApiTests.swift; sourceTree = "<group>"; };
		A988150F2BE51AC900760F6F /* AplicacionApiUITests.xctest */ = {isa = PBXFileReference; explicitFileType = wrapper.cfbundle; includeInIndex = 0; path = AplicacionApiUITests.xctest; sourceTree = BUILT_PRODUCTS_DIR; };
		A98815132BE51AC900760F6F /* AplicacionApiUITests.swift */ = {isa = PBXFileReference; lastKnownFileType = sourcecode.swift; path = AplicacionApiUITests.swift; sourceTree = "<group>"; };
		A98815152BE51AC900760F6F /* AplicacionApiUITestsLaunchTests.swift */ = {isa = PBXFileReference; lastKnownFileType = sourcecode.swift; path = AplicacionApiUITestsLaunchTests.swift; sourceTree = "<group>"; };
/* End PBXFileReference section */

/* Begin PBXFrameworksBuildPhase section */
		A98814F22BE51AC400760F6F /* Frameworks */ = {
			isa = PBXFrameworksBuildPhase;
			buildActionMask = 2147483647;
			files = (
			);
			runOnlyForDeploymentPostprocessing = 0;
		};
		A98815022BE51AC900760F6F /* Frameworks */ = {
			isa = PBXFrameworksBuildPhase;
			buildActionMask = 2147483647;
			files = (
			);
			runOnlyForDeploymentPostprocessing = 0;
		};
		A988150C2BE51AC900760F6F /* Frameworks */ = {
			isa = PBXFrameworksBuildPhase;
			buildActionMask = 2147483647;
			files = (
			);
			runOnlyForDeploymentPostprocessing = 0;
		};
/* End PBXFrameworksBuildPhase section */

/* Begin PBXGroup section */
		A98814EC2BE51AC300760F6F = {
			isa = PBXGroup;
			children = (
				A98814F72BE51AC400760F6F /* AplicacionApi */,
				A98815082BE51AC900760F6F /* AplicacionApiTests */,
				A98815122BE51AC900760F6F /* AplicacionApiUITests */,
				A98814F62BE51AC400760F6F /* Products */,
			);
			sourceTree = "<group>";
		};
		A98814F62BE51AC400760F6F /* Products */ = {
			isa = PBXGroup;
			children = (
				A98814F52BE51AC400760F6F /* AplicacionApi.app */,
				A98815052BE51AC900760F6F /* AplicacionApiTests.xctest */,
				A988150F2BE51AC900760F6F /* AplicacionApiUITests.xctest */,
			);
			name = Products;
			sourceTree = "<group>";
		};
		A98814F72BE51AC400760F6F /* AplicacionApi */ = {
			isa = PBXGroup;
			children = (
				A98814F82BE51AC400760F6F /* AplicacionApiApp.swift */,
				A98814FA2BE51AC400760F6F /* ContentView.swift */,
				A98814FC2BE51AC800760F6F /* Assets.xcassets */,
				A98814FE2BE51AC800760F6F /* Preview Content */,
			);
			path = AplicacionApi;
			sourceTree = "<group>";
		};
		A98814FE2BE51AC800760F6F /* Preview Content */ = {
			isa = PBXGroup;
			children = (
				A98814FF2BE51AC800760F6F /* Preview Assets.xcassets */,
			);
			path = "Preview Content";
			sourceTree = "<group>";
		};
		A98815082BE51AC900760F6F /* AplicacionApiTests */ = {
			isa = PBXGroup;
			children = (
				A98815092BE51AC900760F6F /* AplicacionApiTests.swift */,
			);
			path = AplicacionApiTests;
			sourceTree = "<group>";
		};
		A98815122BE51AC900760F6F /* AplicacionApiUITests */ = {
			isa = PBXGroup;
			children = (
				A98815132BE51AC900760F6F /* AplicacionApiUITests.swift */,
				A98815152BE51AC900760F6F /* AplicacionApiUITestsLaunchTests.swift */,
			);
			path = AplicacionApiUITests;
			sourceTree = "<group>";
		};
/* End PBXGroup section */

/* Begin PBXNativeTarget section */
		A98814F42BE51AC400760F6F /* AplicacionApi */ = {
			isa = PBXNativeTarget;
			buildConfigurationList = A98815192BE51ACA00760F6F /* Build configuration list for PBXNativeTarget "AplicacionApi" */;
			buildPhases = (
				A98814F12BE51AC400760F6F /* Sources */,
				A98814F22BE51AC400760F6F /* Frameworks */,
				A98814F32BE51AC400760F6F /* Resources */,
			);
			buildRules = (
			);
			dependencies = (
			);
			name = AplicacionApi;
			productName = AplicacionApi;
			productReference = A98814F52BE51AC400760F6F /* AplicacionApi.app */;
			productType = "com.apple.product-type.application";
		};
		A98815042BE51AC900760F6F /* AplicacionApiTests */ = {
			isa = PBXNativeTarget;
			buildConfigurationList = A988151C2BE51ACA00760F6F /* Build configuration list for PBXNativeTarget "AplicacionApiTests" */;
			buildPhases = (
				A98815012BE51AC900760F6F /* Sources */,
				A98815022BE51AC900760F6F /* Frameworks */,
				A98815032BE51AC900760F6F /* Resources */,
			);
			buildRules = (
			);
			dependencies = (
				A98815072BE51AC900760F6F /* PBXTargetDependency */,
			);
			name = AplicacionApiTests;
			productName = AplicacionApiTests;
			productReference = A98815052BE51AC900760F6F /* AplicacionApiTests.xctest */;
			productType = "com.apple.product-type.bundle.unit-test";
		};
		A988150E2BE51AC900760F6F /* AplicacionApiUITests */ = {
			isa = PBXNativeTarget;
			buildConfigurationList = A988151F2BE51ACA00760F6F /* Build configuration list for PBXNativeTarget "AplicacionApiUITests" */;
			buildPhases = (
				A988150B2BE51AC900760F6F /* Sources */,
				A988150C2BE51AC900760F6F /* Frameworks */,
				A988150D2BE51AC900760F6F /* Resources */,
			);
			buildRules = (
			);
			dependencies = (
				A98815112BE51AC900760F6F /* PBXTargetDependency */,
			);
			name = AplicacionApiUITests;
			productName = AplicacionApiUITests;
			productReference = A988150F2BE51AC900760F6F /* AplicacionApiUITests.xctest */;
			productType = "com.apple.product-type.bundle.ui-testing";
		};
/* End PBXNativeTarget section */

/* Begin PBXProject section */
		A98814ED2BE51AC300760F6F /* Project object */ = {
			isa = PBXProject;
			attributes = {
				BuildIndependentTargetsInParallel = 1;
				LastSwiftUpdateCheck = 1340;
				LastUpgradeCheck = 1340;
				TargetAttributes = {
					A98814F42BE51AC400760F6F = {
						CreatedOnToolsVersion = 13.4;
					};
					A98815042BE51AC900760F6F = {
						CreatedOnToolsVersion = 13.4;
						TestTargetID = A98814F42BE51AC400760F6F;
					};
					A988150E2BE51AC900760F6F = {
						CreatedOnToolsVersion = 13.4;
						TestTargetID = A98814F42BE51AC400760F6F;
					};
				};
			};
			buildConfigurationList = A98814F02BE51AC300760F6F /* Build configuration list for PBXProject "AplicacionApi" */;
			compatibilityVersion = "Xcode 13.0";
			developmentRegion = en;
			hasScannedForEncodings = 0;
			knownRegions = (
				en,
				Base,
			);
			mainGroup = A98814EC2BE51AC300760F6F;
			productRefGroup = A98814F62BE51AC400760F6F /* Products */;
			projectDirPath = "";
			projectRoot = "";
			targets = (
				A98814F42BE51AC400760F6F /* AplicacionApi */,
				A98815042BE51AC900760F6F /* AplicacionApiTests */,
				A988150E2BE51AC900760F6F /* AplicacionApiUITests */,
			);
		};
/* End PBXProject section */

/* Begin PBXResourcesBuildPhase section */
		A98814F32BE51AC400760F6F /* Resources */ = {
			isa = PBXResourcesBuildPhase;
			buildActionMask = 2147483647;
			files = (
				A98815002BE51AC800760F6F /* Preview Assets.xcassets in Resources */,
				A98814FD2BE51AC800760F6F /* Assets.xcassets in Resources */,
			);
			runOnlyForDeploymentPostprocessing = 0;
		};
		A98815032BE51AC900760F6F /* Resources */ = {
			isa = PBXResourcesBuildPhase;
			buildActionMask = 2147483647;
			files = (
			);
			runOnlyForDeploymentPostprocessing = 0;
		};
		A988150D2BE51AC900760F6F /* Resources */ = {
			isa = PBXResourcesBuildPhase;
			buildActionMask = 2147483647;
			files = (
			);
			runOnlyForDeploymentPostprocessing = 0;
		};
/* End PBXResourcesBuildPhase section */

/* Begin PBXSourcesBuildPhase section */
		A98814F12BE51AC400760F6F /* Sources */ = {
			isa = PBXSourcesBuildPhase;
			buildActionMask = 2147483647;
			files = (
				A98814FB2BE51AC400760F6F /* ContentView.swift in Sources */,
				A98814F92BE51AC400760F6F /* AplicacionApiApp.swift in Sources */,
			);
			runOnlyForDeploymentPostprocessing = 0;
		};
		A98815012BE51AC900760F6F /* Sources */ = {
			isa = PBXSourcesBuildPhase;
			buildActionMask = 2147483647;
			files = (
				A988150A2BE51AC900760F6F /* AplicacionApiTests.swift in Sources */,
			);
			runOnlyForDeploymentPostprocessing = 0;
		};
		A988150B2BE51AC900760F6F /* Sources */ = {
			isa = PBXSourcesBuildPhase;
			buildActionMask = 2147483647;
			files = (
				A98815162BE51AC900760F6F /* AplicacionApiUITestsLaunchTests.swift in Sources */,
				A98815142BE51AC900760F6F /* AplicacionApiUITests.swift in Sources */,
			);
			runOnlyForDeploymentPostprocessing = 0;
		};
/* End PBXSourcesBuildPhase section */

/* Begin PBXTargetDependency section */
		A98815072BE51AC900760F6F /* PBXTargetDependency */ = {
			isa = PBXTargetDependency;
			target = A98814F42BE51AC400760F6F /* AplicacionApi */;
			targetProxy = A98815062BE51AC900760F6F /* PBXContainerItemProxy */;
		};
		A98815112BE51AC900760F6F /* PBXTargetDependency */ = {
			isa = PBXTargetDependency;
			target = A98814F42BE51AC400760F6F /* AplicacionApi */;
			targetProxy = A98815102BE51AC900760F6F /* PBXContainerItemProxy */;
		};
/* End PBXTargetDependency section */

/* Begin XCBuildConfiguration section */
		A98815172BE51ACA00760F6F /* Debug */ = {
			isa = XCBuildConfiguration;
			buildSettings = {
				ALWAYS_SEARCH_USER_PATHS = NO;
				CLANG_ANALYZER_NONNULL = YES;
				CLANG_ANALYZER_NUMBER_OBJECT_CONVERSION = YES_AGGRESSIVE;
				CLANG_CXX_LANGUAGE_STANDARD = "gnu++17";
				CLANG_ENABLE_MODULES = YES;
				CLANG_ENABLE_OBJC_ARC = YES;
				CLANG_ENABLE_OBJC_WEAK = YES;
				CLANG_WARN_BLOCK_CAPTURE_AUTORELEASING = YES;
				CLANG_WARN_BOOL_CONVERSION = YES;
				CLANG_WARN_COMMA = YES;
				CLANG_WARN_CONSTANT_CONVERSION = YES;
				CLANG_WARN_DEPRECATED_OBJC_IMPLEMENTATIONS = YES;
				CLANG_WARN_DIRECT_OBJC_ISA_USAGE = YES_ERROR;
				CLANG_WARN_DOCUMENTATION_COMMENTS = YES;
				CLANG_WARN_EMPTY_BODY = YES;
				CLANG_WARN_ENUM_CONVERSION = YES;
				CLANG_WARN_INFINITE_RECURSION = YES;
				CLANG_WARN_INT_CONVERSION = YES;
				CLANG_WARN_NON_LITERAL_NULL_CONVERSION = YES;
				CLANG_WARN_OBJC_IMPLICIT_RETAIN_SELF = YES;
				CLANG_WARN_OBJC_LITERAL_CONVERSION = YES;
				CLANG_WARN_OBJC_ROOT_CLASS = YES_ERROR;
				CLANG_WARN_QUOTED_INCLUDE_IN_FRAMEWORK_HEADER = YES;
				CLANG_WARN_RANGE_LOOP_ANALYSIS = YES;
				CLANG_WARN_STRICT_PROTOTYPES = YES;
				CLANG_WARN_SUSPICIOUS_MOVE = YES;
				CLANG_WARN_UNGUARDED_AVAILABILITY = YES_AGGRESSIVE;
				CLANG_WARN_UNREACHABLE_CODE = YES;
				CLANG_WARN__DUPLICATE_METHOD_MATCH = YES;
				COPY_PHASE_STRIP = NO;
				DEBUG_INFORMATION_FORMAT = dwarf;
				ENABLE_STRICT_OBJC_MSGSEND = YES;
				ENABLE_TESTABILITY = YES;
				GCC_C_LANGUAGE_STANDARD = gnu11;
				GCC_DYNAMIC_NO_PIC = NO;
				GCC_NO_COMMON_BLOCKS = YES;
				GCC_OPTIMIZATION_LEVEL = 0;
				GCC_PREPROCESSOR_DEFINITIONS = (
					"DEBUG=1",
					"$(inherited)",
				);
				GCC_WARN_64_TO_32_BIT_CONVERSION = YES;
				GCC_WARN_ABOUT_RETURN_TYPE = YES_ERROR;
				GCC_WARN_UNDECLARED_SELECTOR = YES;
				GCC_WARN_UNINITIALIZED_AUTOS = YES_AGGRESSIVE;
				GCC_WARN_UNUSED_FUNCTION = YES;
				GCC_WARN_UNUSED_VARIABLE = YES;
				IPHONEOS_DEPLOYMENT_TARGET = 15.5;
				MTL_ENABLE_DEBUG_INFO = INCLUDE_SOURCE;
				MTL_FAST_MATH = YES;
				ONLY_ACTIVE_ARCH = YES;
				SDKROOT = iphoneos;
				SWIFT_ACTIVE_COMPILATION_CONDITIONS = DEBUG;
				SWIFT_OPTIMIZATION_LEVEL = "-Onone";
			};
			name = Debug;
		};
		A98815182BE51ACA00760F6F /* Release */ = {
			isa = XCBuildConfiguration;
			buildSettings = {
				ALWAYS_SEARCH_USER_PATHS = NO;
				CLANG_ANALYZER_NONNULL = YES;
				CLANG_ANALYZER_NUMBER_OBJECT_CONVERSION = YES_AGGRESSIVE;
				CLANG_CXX_LANGUAGE_STANDARD = "gnu++17";
				CLANG_ENABLE_MODULES = YES;
				CLANG_ENABLE_OBJC_ARC = YES;
				CLANG_ENABLE_OBJC_WEAK = YES;
				CLANG_WARN_BLOCK_CAPTURE_AUTORELEASING = YES;
				CLANG_WARN_BOOL_CONVERSION = YES;
				CLANG_WARN_COMMA = YES;
				CLANG_WARN_CONSTANT_CONVERSION = YES;
				CLANG_WARN_DEPRECATED_OBJC_IMPLEMENTATIONS = YES;
				CLANG_WARN_DIRECT_OBJC_ISA_USAGE = YES_ERROR;
				CLANG_WARN_DOCUMENTATION_COMMENTS = YES;
				CLANG_WARN_EMPTY_BODY = YES;
				CLANG_WARN_ENUM_CONVERSION = YES;
				CLANG_WARN_INFINITE_RECURSION = YES;
				CLANG_WARN_INT_CONVERSION = YES;
				CLANG_WARN_NON_LITERAL_NULL_CONVERSION = YES;
				CLANG_WARN_OBJC_IMPLICIT_RETAIN_SELF = YES;
				CLANG_WARN_OBJC_LITERAL_CONVERSION = YES;
				CLANG_WARN_OBJC_ROOT_CLASS = YES_ERROR;
				CLANG_WARN_QUOTED_INCLUDE_IN_FRAMEWORK_HEADER = YES;
				CLANG_WARN_RANGE_LOOP_ANALYSIS = YES;
				CLANG_WARN_STRICT_PROTOTYPES = YES;
				CLANG_WARN_SUSPICIOUS_MOVE = YES;
				CLANG_WARN_UNGUARDED_AVAILABILITY = YES_AGGRESSIVE;
				CLANG_WARN_UNREACHABLE_CODE = YES;
				CLANG_WARN__DUPLICATE_METHOD_MATCH = YES;
				COPY_PHASE_STRIP = NO;
				DEBUG_INFORMATION_FORMAT = "dwarf-with-dsym";
				ENABLE_NS_ASSERTIONS = NO;
				ENABLE_STRICT_OBJC_MSGSEND = YES;
				GCC_C_LANGUAGE_STANDARD = gnu11;
				GCC_NO_COMMON_BLOCKS = YES;
				GCC_WARN_64_TO_32_BIT_CONVERSION = YES;
				GCC_WARN_ABOUT_RETURN_TYPE = YES_ERROR;
				GCC_WARN_UNDECLARED_SELECTOR = YES;
				GCC_WARN_UNINITIALIZED_AUTOS = YES_AGGRESSIVE;
				GCC_WARN_UNUSED_FUNCTION = YES;
				GCC_WARN_UNUSED_VARIABLE = YES;
				IPHONEOS_DEPLOYMENT_TARGET = 15.5;
				MTL_ENABLE_DEBUG_INFO = NO;
				MTL_FAST_MATH = YES;
				SDKROOT = iphoneos;
				SWIFT_COMPILATION_MODE = wholemodule;
				SWIFT_OPTIMIZATION_LEVEL = "-O";
				VALIDATE_PRODUCT = YES;
			};
			name = Release;
		};
		A988151A2BE51ACA00760F6F /* Debug */ = {
			isa = XCBuildConfiguration;
			buildSettings = {
				ASSETCATALOG_COMPILER_APPICON_NAME = AppIcon;
				ASSETCATALOG_COMPILER_GLOBAL_ACCENT_COLOR_NAME = AccentColor;
				CODE_SIGN_STYLE = Automatic;
				CURRENT_PROJECT_VERSION = 1;
				DEVELOPMENT_ASSET_PATHS = "\"AplicacionApi/Preview Content\"";
				DEVELOPMENT_TEAM = 8YMN7MCSQM;
				ENABLE_PREVIEWS = YES;
				GENERATE_INFOPLIST_FILE = YES;
				INFOPLIST_KEY_UIApplicationSceneManifest_Generation = YES;
				INFOPLIST_KEY_UIApplicationSupportsIndirectInputEvents = YES;
				INFOPLIST_KEY_UILaunchScreen_Generation = YES;
				INFOPLIST_KEY_UISupportedInterfaceOrientations_iPad = "UIInterfaceOrientationPortrait UIInterfaceOrientationPortraitUpsideDown UIInterfaceOrientationLandscapeLeft UIInterfaceOrientationLandscapeRight";
				INFOPLIST_KEY_UISupportedInterfaceOrientations_iPhone = "UIInterfaceOrientationPortrait UIInterfaceOrientationLandscapeLeft UIInterfaceOrientationLandscapeRight";
				LD_RUNPATH_SEARCH_PATHS = (
					"$(inherited)",
					"@executable_path/Frameworks",
				);
				MARKETING_VERSION = 1.0;
				PRODUCT_BUNDLE_IDENTIFIER = Marco.AplicacionApi;
				PRODUCT_NAME = "$(TARGET_NAME)";
				SWIFT_EMIT_LOC_STRINGS = YES;
				SWIFT_VERSION = 5.0;
				TARGETED_DEVICE_FAMILY = "1,2";
			};
			name = Debug;
		};
		A988151B2BE51ACA00760F6F /* Release */ = {
			isa = XCBuildConfiguration;
			buildSettings = {
				ASSETCATALOG_COMPILER_APPICON_NAME = AppIcon;
				ASSETCATALOG_COMPILER_GLOBAL_ACCENT_COLOR_NAME = AccentColor;
				CODE_SIGN_STYLE = Automatic;
				CURRENT_PROJECT_VERSION = 1;
				DEVELOPMENT_ASSET_PATHS = "\"AplicacionApi/Preview Content\"";
				DEVELOPMENT_TEAM = 8YMN7MCSQM;
				ENABLE_PREVIEWS = YES;
				GENERATE_INFOPLIST_FILE = YES;
				INFOPLIST_KEY_UIApplicationSceneManifest_Generation = YES;
				INFOPLIST_KEY_UIApplicationSupportsIndirectInputEvents = YES;
				INFOPLIST_KEY_UILaunchScreen_Generation = YES;
				INFOPLIST_KEY_UISupportedInterfaceOrientations_iPad = "UIInterfaceOrientationPortrait UIInterfaceOrientationPortraitUpsideDown UIInterfaceOrientationLandscapeLeft UIInterfaceOrientationLandscapeRight";
				INFOPLIST_KEY_UISupportedInterfaceOrientations_iPhone = "UIInterfaceOrientationPortrait UIInterfaceOrientationLandscapeLeft UIInterfaceOrientationLandscapeRight";
				LD_RUNPATH_SEARCH_PATHS = (
					"$(inherited)",
					"@executable_path/Frameworks",
				);
				MARKETING_VERSION = 1.0;
				PRODUCT_BUNDLE_IDENTIFIER = Marco.AplicacionApi;
				PRODUCT_NAME = "$(TARGET_NAME)";
				SWIFT_EMIT_LOC_STRINGS = YES;
				SWIFT_VERSION = 5.0;
				TARGETED_DEVICE_FAMILY = "1,2";
			};
			name = Release;
		};
		A988151D2BE51ACA00760F6F /* Debug */ = {
			isa = XCBuildConfiguration;
			buildSettings = {
				ALWAYS_EMBED_SWIFT_STANDARD_LIBRARIES = YES;
				BUNDLE_LOADER = "$(TEST_HOST)";
				CODE_SIGN_STYLE = Automatic;
				CURRENT_PROJECT_VERSION = 1;
				DEVELOPMENT_TEAM = 8YMN7MCSQM;
				GENERATE_INFOPLIST_FILE = YES;
				IPHONEOS_DEPLOYMENT_TARGET = 15.5;
				MARKETING_VERSION = 1.0;
				PRODUCT_BUNDLE_IDENTIFIER = Marco.AplicacionApiTests;
				PRODUCT_NAME = "$(TARGET_NAME)";
				SWIFT_EMIT_LOC_STRINGS = NO;
				SWIFT_VERSION = 5.0;
				TARGETED_DEVICE_FAMILY = "1,2";
				TEST_HOST = "$(BUILT_PRODUCTS_DIR)/AplicacionApi.app/AplicacionApi";
			};
			name = Debug;
		};
		A988151E2BE51ACA00760F6F /* Release */ = {
			isa = XCBuildConfiguration;
			buildSettings = {
				ALWAYS_EMBED_SWIFT_STANDARD_LIBRARIES = YES;
				BUNDLE_LOADER = "$(TEST_HOST)";
				CODE_SIGN_STYLE = Automatic;
				CURRENT_PROJECT_VERSION = 1;
				DEVELOPMENT_TEAM = 8YMN7MCSQM;
				GENERATE_INFOPLIST_FILE = YES;
				IPHONEOS_DEPLOYMENT_TARGET = 15.5;
				MARKETING_VERSION = 1.0;
				PRODUCT_BUNDLE_IDENTIFIER = Marco.AplicacionApiTests;
				PRODUCT_NAME = "$(TARGET_NAME)";
				SWIFT_EMIT_LOC_STRINGS = NO;
				SWIFT_VERSION = 5.0;
				TARGETED_DEVICE_FAMILY = "1,2";
				TEST_HOST = "$(BUILT_PRODUCTS_DIR)/AplicacionApi.app/AplicacionApi";
			};
			name = Release;
		};
		A98815202BE51ACA00760F6F /* Debug */ = {
			isa = XCBuildConfiguration;
			buildSettings = {
				ALWAYS_EMBED_SWIFT_STANDARD_LIBRARIES = YES;
				CODE_SIGN_STYLE = Automatic;
				CURRENT_PROJECT_VERSION = 1;
				DEVELOPMENT_TEAM = 8YMN7MCSQM;
				GENERATE_INFOPLIST_FILE = YES;
				MARKETING_VERSION = 1.0;
				PRODUCT_BUNDLE_IDENTIFIER = Marco.AplicacionApiUITests;
				PRODUCT_NAME = "$(TARGET_NAME)";
				SWIFT_EMIT_LOC_STRINGS = NO;
				SWIFT_VERSION = 5.0;
				TARGETED_DEVICE_FAMILY = "1,2";
				TEST_TARGET_NAME = AplicacionApi;
			};
			name = Debug;
		};
		A98815212BE51ACA00760F6F /* Release */ = {
			isa = XCBuildConfiguration;
			buildSettings = {
				ALWAYS_EMBED_SWIFT_STANDARD_LIBRARIES = YES;
				CODE_SIGN_STYLE = Automatic;
				CURRENT_PROJECT_VERSION = 1;
				DEVELOPMENT_TEAM = 8YMN7MCSQM;
				GENERATE_INFOPLIST_FILE = YES;
				MARKETING_VERSION = 1.0;
				PRODUCT_BUNDLE_IDENTIFIER = Marco.AplicacionApiUITests;
				PRODUCT_NAME = "$(TARGET_NAME)";
				SWIFT_EMIT_LOC_STRINGS = NO;
				SWIFT_VERSION = 5.0;
				TARGETED_DEVICE_FAMILY = "1,2";
				TEST_TARGET_NAME = AplicacionApi;
			};
			name = Release;
		};
/* End XCBuildConfiguration section */

/* Begin XCConfigurationList section */
		A98814F02BE51AC300760F6F /* Build configuration list for PBXProject "AplicacionApi" */ = {
			isa = XCConfigurationList;
			buildConfigurations = (
				A98815172BE51ACA00760F6F /* Debug */,
				A98815182BE51ACA00760F6F /* Release */,
			);
			defaultConfigurationIsVisible = 0;
			defaultConfigurationName = Release;
		};
		A98815192BE51ACA00760F6F /* Build configuration list for PBXNativeTarget "AplicacionApi" */ = {
			isa = XCConfigurationList;
			buildConfigurations = (
				A988151A2BE51ACA00760F6F /* Debug */,
				A988151B2BE51ACA00760F6F /* Release */,
			);
			defaultConfigurationIsVisible = 0;
			defaultConfigurationName = Release;
		};
		A988151C2BE51ACA00760F6F /* Build configuration list for PBXNativeTarget "AplicacionApiTests" */ = {
			isa = XCConfigurationList;
			buildConfigurations = (
				A988151D2BE51ACA00760F6F /* Debug */,
				A988151E2BE51ACA00760F6F /* Release */,
			);
			defaultConfigurationIsVisible = 0;
			defaultConfigurationName = Release;
		};
		A988151F2BE51ACA00760F6F /* Build configuration list for PBXNativeTarget "AplicacionApiUITests" */ = {
			isa = XCConfigurationList;
			buildConfigurations = (
				A98815202BE51ACA00760F6F /* Debug */,
				A98815212BE51ACA00760F6F /* Release */,
			);
			defaultConfigurationIsVisible = 0;
			defaultConfigurationName = Release;
		};
/* End XCConfigurationList section */
	};
	rootObject = A98814ED2BE51AC300760F6F /* Project object */;
}
